
Microsoft Visual Studio Solution File, Format Version 9.00
# Visual Studio 2005
Project("{54435603-DBB4-11D2-8724-00A0C9A8B90C}") = "HRTJSetup", "HRTJSetup\HRTJSetup.vdproj", "{86A44EDB-59FA-4C43-88F4-9F5865CAA5D0}"
EndProject
Global
	GlobalSection(SolutionConfigurationPlatforms) = preSolution
		Debug|Default = Debug|Default
		Release|Default = Release|Default
	EndGlobalSection
	GlobalSection(ProjectConfigurationPlatforms) = postSolution
		{86A44EDB-59FA-4C43-88F4-9F5865CAA5D0}.Debug|Default.ActiveCfg = Debug
		{86A44EDB-59FA-4C43-88F4-9F5865CAA5D0}.Debug|Default.Build.0 = Debug
		{86A44EDB-59FA-4C43-88F4-9F5865CAA5D0}.Release|Default.ActiveCfg = Release
		{86A44EDB-59FA-4C43-88F4-9F5865CAA5D0}.Release|Default.Build.0 = Release
	EndGlobalSection
	GlobalSection(SolutionProperties) = preSolution
		HideSolutionNode = FALSE
	EndGlobalSection
EndGlobal
